
Microsoft Visual Studio Solution File, Format Version 12.00
# Visual Studio Version 16
VisualStudioVersion = 16.0.30114.105
MinimumVisualStudioVersion = 10.0.40219.1
Project("{9A19103F-16F7-4668-BE54-9A1E7A4F7556}") = "PlsClient", "PlsClient\PlsClient.csproj", "{661402F6-7B27-40A0-B865-579DDEDCF3DE}"
EndProject
Project("{9A19103F-16F7-4668-BE54-9A1E7A4F7556}") = "PlsClient.Tests", "PlsClient.Tests\PlsClient.Tests.csproj", "{846CDC9A-FBC4-42C1-98F0-22C48A84ACA7}"
EndProject
Global
	GlobalSection(SolutionConfigurationPlatforms) = preSolution
		Debug|Any CPU = Debug|Any CPU
		Debug|x64 = Debug|x64
		Debug|x86 = Debug|x86
		Release|Any CPU = Release|Any CPU
		Release|x64 = Release|x64
		Release|x86 = Release|x86
	EndGlobalSection
	GlobalSection(ProjectConfigurationPlatforms) = postSolution
		{661402F6-7B27-40A0-B865-579DDEDCF3DE}.Debug|Any CPU.ActiveCfg = Debug|Any CPU
		{661402F6-7B27-40A0-B865-579DDEDCF3DE}.Debug|Any CPU.Build.0 = Debug|Any CPU
		{661402F6-7B27-40A0-B865-579DDEDCF3DE}.Debug|x64.ActiveCfg = Debug|Any CPU
		{661402F6-7B27-40A0-B865-579DDEDCF3DE}.Debug|x64.Build.0 = Debug|Any CPU
		{661402F6-7B27-40A0-B865-579DDEDCF3DE}.Debug|x86.ActiveCfg = Debug|Any CPU
		{661402F6-7B27-40A0-B865-579DDEDCF3DE}.Debug|x86.Build.0 = Debug|Any CPU
		{661402F6-7B27-40A0-B865-579DDEDCF3DE}.Release|Any CPU.ActiveCfg = Release|Any CPU
		{661402F6-7B27-40A0-B865-579DDEDCF3DE}.Release|Any CPU.Build.0 = Release|Any CPU
		{661402F6-7B27-40A0-B865-579DDEDCF3DE}.Release|x64.ActiveCfg = Release|Any CPU
		{661402F6-7B27-40A0-B865-579DDEDCF3DE}.Release|x64.Build.0 = Release|Any CPU
		{661402F6-7B27-40A0-B865-579DDEDCF3DE}.Release|x86.ActiveCfg = Release|Any CPU
		{661402F6-7B27-40A0-B865-579DDEDCF3DE}.Release|x86.Build.0 = Release|Any CPU
		{846CDC9A-FBC4-42C1-98F0-22C48A84ACA7}.Debug|Any CPU.ActiveCfg = Debug|Any CPU
		{846CDC9A-FBC4-42C1-98F0-22C48A84ACA7}.Debug|Any CPU.Build.0 = Debug|Any CPU
		{846CDC9A-FBC4-42C1-98F0-22C48A84ACA7}.Debug|x64.ActiveCfg = Debug|Any CPU
		{846CDC9A-FBC4-42C1-98F0-22C48A84ACA7}.Debug|x64.Build.0 = Debug|Any CPU
		{846CDC9A-FBC4-42C1-98F0-22C48A84ACA7}.Debug|x86.ActiveCfg = Debug|Any CPU
		{846CDC9A-FBC4-42C1-98F0-22C48A84ACA7}.Debug|x86.Build.0 = Debug|Any CPU
		{846CDC9A-FBC4-42C1-98F0-22C48A84ACA7}.Release|Any CPU.ActiveCfg = Release|Any CPU
		{846CDC9A-FBC4-42C1-98F0-22C48A84ACA7}.Release|Any CPU.Build.0 = Release|Any CPU
		{846CDC9A-FBC4-42C1-98F0-22C48A84ACA7}.Release|x64.ActiveCfg = Release|Any CPU
		{846CDC9A-FBC4-42C1-98F0-22C48A84ACA7}.Release|x64.Build.0 = Release|Any CPU
		{846CDC9A-FBC4-42C1-98F0-22C48A84ACA7}.Release|x86.ActiveCfg = Release|Any CPU
		{846CDC9A-FBC4-42C1-98F0-22C48A84ACA7}.Release|x86.Build.0 = Release|Any CPU
	EndGlobalSection
	GlobalSection(SolutionProperties) = preSolution
		HideSolutionNode = FALSE
	EndGlobalSection
	GlobalSection(ExtensibilityGlobals) = postSolution
		SolutionGuid = {8BCBFE17-8258-4556-A1E5-59938DE85AE6}
	EndGlobalSection
EndGlobal
